
Microsoft Visual Studio Solution File, Format Version 12.00
# Visual Studio 15
Project("{FAE04EC0-301F-11D3-BF4B-00C04F79EFBC}") = "Assembly-CSharp-Editor", "Assembly-CSharp-Editor.csproj", "{E84A23BD-01C4-5B77-8B17-4CEE040E3207}"
EndProject
Project("{FAE04EC0-301F-11D3-BF4B-00C04F79EFBC}") = "Assembly-CSharp", "Assembly-CSharp.csproj", "{53A41F0E-7C37-4A16-A7EF-D56834EA8A83}"
EndProject
Global
	GlobalSection(SolutionConfigurationPlatforms) = preSolution
		Debug|Any CPU = Debug|Any CPU
		Release|Any CPU = Release|Any CPU
	EndGlobalSection
	GlobalSection(ProjectConfigurationPlatforms) = postSolution
		{E84A23BD-01C4-5B77-8B17-4CEE040E3207}.Debug|Any CPU.ActiveCfg = Debug|Any CPU
		{E84A23BD-01C4-5B77-8B17-4CEE040E3207}.Debug|Any CPU.Build.0 = Debug|Any CPU
		{E84A23BD-01C4-5B77-8B17-4CEE040E3207}.Release|Any CPU.ActiveCfg = Release|Any CPU
		{E84A23BD-01C4-5B77-8B17-4CEE040E3207}.Release|Any CPU.Build.0 = Release|Any CPU
		{53A41F0E-7C37-4A16-A7EF-D56834EA8A83}.Debug|Any CPU.ActiveCfg = Debug|Any CPU
		{53A41F0E-7C37-4A16-A7EF-D56834EA8A83}.Debug|Any CPU.Build.0 = Debug|Any CPU
		{53A41F0E-7C37-4A16-A7EF-D56834EA8A83}.Release|Any CPU.ActiveCfg = Release|Any CPU
		{53A41F0E-7C37-4A16-A7EF-D56834EA8A83}.Release|Any CPU.Build.0 = Release|Any CPU
	EndGlobalSection
	GlobalSection(SolutionProperties) = preSolution
		HideSolutionNode = FALSE
	EndGlobalSection
EndGlobal
